
Microsoft Visual Studio Solution File, Format Version 12.00
# Visual Studio Version 17
VisualStudioVersion = 17.3.32825.248
MinimumVisualStudioVersion = 10.0.40219.1
Project("{8BC9CEB8-8B4A-11D0-8D11-00A0C91BC942}") = "MiddlewareObject", "MiddlewareObject\MiddlewareObject.vcxproj", "{AE340580-233E-4758-8301-215F576D9C6C}"
EndProject
Project("{2150E333-8FDC-42A3-9474-1A3956D46DE8}") = "Solution Items", "Solution Items", "{63715459-E551-45D6-B125-C2E69A21A4C9}"
	ProjectSection(SolutionItems) = preProject
		README.MD = README.MD
	EndProjectSection
EndProject
Project("{8BC9CEB8-8B4A-11D0-8D11-00A0C91BC942}") = "MiddlewareObjectTest", "MiddlewareObjectTest\MiddlewareObjectTest.vcxproj", "{AB0B4D27-3A6E-4F70-BF84-8F2E00516ACF}"
EndProject
Global
	GlobalSection(SolutionConfigurationPlatforms) = preSolution
		Debug|x64 = Debug|x64
		Debug|x86 = Debug|x86
		Release|x64 = Release|x64
		Release|x86 = Release|x86
	EndGlobalSection
	GlobalSection(ProjectConfigurationPlatforms) = postSolution
		{AE340580-233E-4758-8301-215F576D9C6C}.Debug|x64.ActiveCfg = Debug|x64
		{AE340580-233E-4758-8301-215F576D9C6C}.Debug|x64.Build.0 = Debug|x64
		{AE340580-233E-4758-8301-215F576D9C6C}.Debug|x86.ActiveCfg = Debug|Win32
		{AE340580-233E-4758-8301-215F576D9C6C}.Debug|x86.Build.0 = Debug|Win32
		{AE340580-233E-4758-8301-215F576D9C6C}.Release|x64.ActiveCfg = Release|x64
		{AE340580-233E-4758-8301-215F576D9C6C}.Release|x64.Build.0 = Release|x64
		{AE340580-233E-4758-8301-215F576D9C6C}.Release|x86.ActiveCfg = Release|Win32
		{AE340580-233E-4758-8301-215F576D9C6C}.Release|x86.Build.0 = Release|Win32
		{AB0B4D27-3A6E-4F70-BF84-8F2E00516ACF}.Debug|x64.ActiveCfg = Debug|x64
		{AB0B4D27-3A6E-4F70-BF84-8F2E00516ACF}.Debug|x64.Build.0 = Debug|x64
		{AB0B4D27-3A6E-4F70-BF84-8F2E00516ACF}.Debug|x86.ActiveCfg = Debug|Win32
		{AB0B4D27-3A6E-4F70-BF84-8F2E00516ACF}.Debug|x86.Build.0 = Debug|Win32
		{AB0B4D27-3A6E-4F70-BF84-8F2E00516ACF}.Release|x64.ActiveCfg = Release|x64
		{AB0B4D27-3A6E-4F70-BF84-8F2E00516ACF}.Release|x64.Build.0 = Release|x64
		{AB0B4D27-3A6E-4F70-BF84-8F2E00516ACF}.Release|x86.ActiveCfg = Release|Win32
		{AB0B4D27-3A6E-4F70-BF84-8F2E00516ACF}.Release|x86.Build.0 = Release|Win32
	EndGlobalSection
	GlobalSection(SolutionProperties) = preSolution
		HideSolutionNode = FALSE
	EndGlobalSection
	GlobalSection(ExtensibilityGlobals) = postSolution
		SolutionGuid = {3EFB7521-1493-46DF-A51B-069264E55664}
	EndGlobalSection
EndGlobal
